// !$*UTF8*$!
{
	archiveVersion = 1;
	classes = {
	};
	objectVersion = 56;
	objects = {

/* Begin PBXBuildFile section */
		D216E0A72AC7E202007D253B /* Kingfisher in Frameworks */ = {isa = PBXBuildFile; productRef = D216E0A62AC7E202007D253B /* Kingfisher */; };
		D216E0A92AC7E292007D253B /* UIimage + Extension.swift in Sources */ = {isa = PBXBuildFile; fileRef = D216E0A82AC7E292007D253B /* UIimage + Extension.swift */; };
		D2274CAE2AC8433D00150D81 /* HomeViewController.swift in Sources */ = {isa = PBXBuildFile; fileRef = D2274CAD2AC8433D00150D81 /* HomeViewController.swift */; };
		D2274CB02AC8490D00150D81 /* BooksTableViewCell.swift in Sources */ = {isa = PBXBuildFile; fileRef = D2274CAF2AC8490D00150D81 /* BooksTableViewCell.swift */; };
		D23EAE4C2ACA779500A0E6C6 /* BookCollectionViewController.swift in Sources */ = {isa = PBXBuildFile; fileRef = D23EAE4B2ACA779500A0E6C6 /* BookCollectionViewController.swift */; };
		D23EAE522ACAE8F900A0E6C6 /* TimerManager.swift in Sources */ = {isa = PBXBuildFile; fileRef = D23EAE512ACAE8F900A0E6C6 /* TimerManager.swift */; };
		D23EAE542ACAF60000A0E6C6 /* 1.gif in Resources */ = {isa = PBXBuildFile; fileRef = D23EAE532ACAF60000A0E6C6 /* 1.gif */; };
		D23EAE562ACAFE7A00A0E6C6 /* 2.gif in Resources */ = {isa = PBXBuildFile; fileRef = D23EAE552ACAFE7900A0E6C6 /* 2.gif */; };
		D23EAE582ACAFFE400A0E6C6 /* gifImageLoader.swift in Sources */ = {isa = PBXBuildFile; fileRef = D23EAE572ACAFFE400A0E6C6 /* gifImageLoader.swift */; };
		D26F05982AC6895E0061FACE /* AppDelegate.swift in Sources */ = {isa = PBXBuildFile; fileRef = D26F05972AC6895E0061FACE /* AppDelegate.swift */; };
		D26F059A2AC6895E0061FACE /* SceneDelegate.swift in Sources */ = {isa = PBXBuildFile; fileRef = D26F05992AC6895E0061FACE /* SceneDelegate.swift */; };
		D26F059F2AC6895E0061FACE /* Main.storyboard in Resources */ = {isa = PBXBuildFile; fileRef = D26F059D2AC6895E0061FACE /* Main.storyboard */; };
		D26F05A22AC6895E0061FACE /* StoryScroll.xcdatamodeld in Sources */ = {isa = PBXBuildFile; fileRef = D26F05A02AC6895E0061FACE /* StoryScroll.xcdatamodeld */; };
		D26F05A42AC689600061FACE /* Assets.xcassets in Resources */ = {isa = PBXBuildFile; fileRef = D26F05A32AC689600061FACE /* Assets.xcassets */; };
		D26F05A72AC689600061FACE /* LaunchScreen.storyboard in Resources */ = {isa = PBXBuildFile; fileRef = D26F05A52AC689600061FACE /* LaunchScreen.storyboard */; };
		D26F05B82AC68C1B0061FACE /* Constant.swift in Sources */ = {isa = PBXBuildFile; fileRef = D26F05B72AC68C1B0061FACE /* Constant.swift */; };
		D26F05BB2AC68CDC0061FACE /* EndPointType.swift in Sources */ = {isa = PBXBuildFile; fileRef = D26F05BA2AC68CDC0061FACE /* EndPointType.swift */; };
		D26F05BD2AC68CF40061FACE /* DataEndPoint.swift in Sources */ = {isa = PBXBuildFile; fileRef = D26F05BC2AC68CF40061FACE /* DataEndPoint.swift */; };
		D26F05BF2AC68FCE0061FACE /* ApiManager.swift in Sources */ = {isa = PBXBuildFile; fileRef = D26F05BE2AC68FCE0061FACE /* ApiManager.swift */; };
		D26F05C52AC692920061FACE /* BookModel.swift in Sources */ = {isa = PBXBuildFile; fileRef = D26F05C42AC692920061FACE /* BookModel.swift */; };
		D26F05C72AC697B60061FACE /* BooksViewModel.swift in Sources */ = {isa = PBXBuildFile; fileRef = D26F05C62AC697B60061FACE /* BooksViewModel.swift */; };
		D2EF126E2AC9253700468355 /* BookPreviewViewController.swift in Sources */ = {isa = PBXBuildFile; fileRef = D2EF126D2AC9253700468355 /* BookPreviewViewController.swift */; };
		D2FC85AD2ACBE46F009E41F7 /* GoogleService-Info.plist in Resources */ = {isa = PBXBuildFile; fileRef = D2FC85AC2ACBE46F009E41F7 /* GoogleService-Info.plist */; };
		D2FC85BB2ACBE50D009E41F7 /* GoogleSignIn in Frameworks */ = {isa = PBXBuildFile; productRef = D2FC85BA2ACBE50D009E41F7 /* GoogleSignIn */; };
		D2FC85BD2ACBE50D009E41F7 /* GoogleSignInSwift in Frameworks */ = {isa = PBXBuildFile; productRef = D2FC85BC2ACBE50D009E41F7 /* GoogleSignInSwift */; };
		D2FC85BF2ACBE561009E41F7 /* SignInViewController.swift in Sources */ = {isa = PBXBuildFile; fileRef = D2FC85BE2ACBE561009E41F7 /* SignInViewController.swift */; };
		D2FC85C22ACBE6BB009E41F7 /* FirebaseAnalytics in Frameworks */ = {isa = PBXBuildFile; productRef = D2FC85C12ACBE6BB009E41F7 /* FirebaseAnalytics */; };
		D2FC85C42ACBE6BB009E41F7 /* FirebaseAnalyticsOnDeviceConversion in Frameworks */ = {isa = PBXBuildFile; productRef = D2FC85C32ACBE6BB009E41F7 /* FirebaseAnalyticsOnDeviceConversion */; };
		D2FC85C62ACBE6BB009E41F7 /* FirebaseAnalyticsSwift in Frameworks */ = {isa = PBXBuildFile; productRef = D2FC85C52ACBE6BB009E41F7 /* FirebaseAnalyticsSwift */; };
		D2FC85C82ACBE6BB009E41F7 /* FirebaseAnalyticsWithoutAdIdSupport in Frameworks */ = {isa = PBXBuildFile; productRef = D2FC85C72ACBE6BB009E41F7 /* FirebaseAnalyticsWithoutAdIdSupport */; };
		D2FC85CA2ACBE6BB009E41F7 /* FirebaseAppCheck in Frameworks */ = {isa = PBXBuildFile; productRef = D2FC85C92ACBE6BB009E41F7 /* FirebaseAppCheck */; };
		D2FC85CC2ACBE6BB009E41F7 /* FirebaseAppDistribution-Beta in Frameworks */ = {isa = PBXBuildFile; productRef = D2FC85CB2ACBE6BB009E41F7 /* FirebaseAppDistribution-Beta */; };
		D2FC85CE2ACBE6BB009E41F7 /* FirebaseAuth in Frameworks */ = {isa = PBXBuildFile; productRef = D2FC85CD2ACBE6BB009E41F7 /* FirebaseAuth */; };
		D2FC85D02ACBE6BB009E41F7 /* FirebaseAuthCombine-Community in Frameworks */ = {isa = PBXBuildFile; productRef = D2FC85CF2ACBE6BB009E41F7 /* FirebaseAuthCombine-Community */; };
		D2FC85D22ACBE6BB009E41F7 /* FirebaseCrashlytics in Frameworks */ = {isa = PBXBuildFile; productRef = D2FC85D12ACBE6BB009E41F7 /* FirebaseCrashlytics */; };
		D2FC85D42ACBE6BB009E41F7 /* FirebaseDatabase in Frameworks */ = {isa = PBXBuildFile; productRef = D2FC85D32ACBE6BB009E41F7 /* FirebaseDatabase */; };
		D2FC85D62ACBE6BB009E41F7 /* FirebaseDatabaseSwift in Frameworks */ = {isa = PBXBuildFile; productRef = D2FC85D52ACBE6BB009E41F7 /* FirebaseDatabaseSwift */; };
		D2FC85D82ACBE6BB009E41F7 /* FirebaseDynamicLinks in Frameworks */ = {isa = PBXBuildFile; productRef = D2FC85D72ACBE6BB009E41F7 /* FirebaseDynamicLinks */; };
		D2FC85DA2ACBE6BB009E41F7 /* FirebaseFirestore in Frameworks */ = {isa = PBXBuildFile; productRef = D2FC85D92ACBE6BB009E41F7 /* FirebaseFirestore */; };
		D2FC85DC2ACBE6BB009E41F7 /* FirebaseFirestoreCombine-Community in Frameworks */ = {isa = PBXBuildFile; productRef = D2FC85DB2ACBE6BB009E41F7 /* FirebaseFirestoreCombine-Community */; };
		D2FC85DE2ACBE6BB009E41F7 /* FirebaseFirestoreSwift in Frameworks */ = {isa = PBXBuildFile; productRef = D2FC85DD2ACBE6BB009E41F7 /* FirebaseFirestoreSwift */; };
		D2FC85E02ACBE6BB009E41F7 /* FirebaseFunctions in Frameworks */ = {isa = PBXBuildFile; productRef = D2FC85DF2ACBE6BB009E41F7 /* FirebaseFunctions */; };
		D2FC85E22ACBE6BB009E41F7 /* FirebaseFunctionsCombine-Community in Frameworks */ = {isa = PBXBuildFile; productRef = D2FC85E12ACBE6BB009E41F7 /* FirebaseFunctionsCombine-Community */; };
		D2FC85E42ACBE6BB009E41F7 /* FirebaseInAppMessaging-Beta in Frameworks */ = {isa = PBXBuildFile; productRef = D2FC85E32ACBE6BB009E41F7 /* FirebaseInAppMessaging-Beta */; };
		D2FC85E62ACBE6BB009E41F7 /* FirebaseInAppMessagingSwift-Beta in Frameworks */ = {isa = PBXBuildFile; productRef = D2FC85E52ACBE6BB009E41F7 /* FirebaseInAppMessagingSwift-Beta */; };
		D2FC85E82ACBE6BB009E41F7 /* FirebaseInstallations in Frameworks */ = {isa = PBXBuildFile; productRef = D2FC85E72ACBE6BB009E41F7 /* FirebaseInstallations */; };
		D2FC85EA2ACBE6BB009E41F7 /* FirebaseMLModelDownloader in Frameworks */ = {isa = PBXBuildFile; productRef = D2FC85E92ACBE6BB009E41F7 /* FirebaseMLModelDownloader */; };
		D2FC85EC2ACBE6BB009E41F7 /* FirebaseMessaging in Frameworks */ = {isa = PBXBuildFile; productRef = D2FC85EB2ACBE6BB009E41F7 /* FirebaseMessaging */; };
		D2FC85EE2ACBE6BB009E41F7 /* FirebasePerformance in Frameworks */ = {isa = PBXBuildFile; productRef = D2FC85ED2ACBE6BB009E41F7 /* FirebasePerformance */; };
		D2FC85F02ACBE6BB009E41F7 /* FirebaseRemoteConfig in Frameworks */ = {isa = PBXBuildFile; productRef = D2FC85EF2ACBE6BB009E41F7 /* FirebaseRemoteConfig */; };
		D2FC85F22ACBE6BB009E41F7 /* FirebaseRemoteConfigSwift in Frameworks */ = {isa = PBXBuildFile; productRef = D2FC85F12ACBE6BB009E41F7 /* FirebaseRemoteConfigSwift */; };
		D2FC85F42ACBE6BB009E41F7 /* FirebaseStorage in Frameworks */ = {isa = PBXBuildFile; productRef = D2FC85F32ACBE6BB009E41F7 /* FirebaseStorage */; };
		D2FC85F62ACBE6BB009E41F7 /* FirebaseStorageCombine-Community in Frameworks */ = {isa = PBXBuildFile; productRef = D2FC85F52ACBE6BB009E41F7 /* FirebaseStorageCombine-Community */; };
		D2FC85F82ACBF2F3009E41F7 /* TabBarViewController.swift in Sources */ = {isa = PBXBuildFile; fileRef = D2FC85F72ACBF2F2009E41F7 /* TabBarViewController.swift */; };
		D2FC85FB2ACC04A8009E41F7 /* EPUBKit in Frameworks */ = {isa = PBXBuildFile; productRef = D2FC85FA2ACC04A8009E41F7 /* EPUBKit */; };
		D2FC85FD2ACC1014009E41F7 /* BookDescriptionViewController.swift in Sources */ = {isa = PBXBuildFile; fileRef = D2FC85FC2ACC1014009E41F7 /* BookDescriptionViewController.swift */; };
/* End PBXBuildFile section */

/* Begin PBXFileReference section */
		D216E0A82AC7E292007D253B /* UIimage + Extension.swift */ = {isa = PBXFileReference; lastKnownFileType = sourcecode.swift; path = "UIimage + Extension.swift"; sourceTree = "<group>"; };
		D2274CAD2AC8433D00150D81 /* HomeViewController.swift */ = {isa = PBXFileReference; lastKnownFileType = sourcecode.swift; path = HomeViewController.swift; sourceTree = "<group>"; };
		D2274CAF2AC8490D00150D81 /* BooksTableViewCell.swift */ = {isa = PBXFileReference; lastKnownFileType = sourcecode.swift; path = BooksTableViewCell.swift; sourceTree = "<group>"; };
		D23EAE4B2ACA779500A0E6C6 /* BookCollectionViewController.swift */ = {isa = PBXFileReference; lastKnownFileType = sourcecode.swift; path = BookCollectionViewController.swift; sourceTree = "<group>"; };
		D23EAE512ACAE8F900A0E6C6 /* TimerManager.swift */ = {isa = PBXFileReference; lastKnownFileType = sourcecode.swift; path = TimerManager.swift; sourceTree = "<group>"; };
		D23EAE532ACAF60000A0E6C6 /* 1.gif */ = {isa = PBXFileReference; lastKnownFileType = image.gif; path = 1.gif; sourceTree = "<group>"; };
		D23EAE552ACAFE7900A0E6C6 /* 2.gif */ = {isa = PBXFileReference; lastKnownFileType = image.gif; path = 2.gif; sourceTree = "<group>"; };
		D23EAE572ACAFFE400A0E6C6 /* gifImageLoader.swift */ = {isa = PBXFileReference; lastKnownFileType = sourcecode.swift; path = gifImageLoader.swift; sourceTree = "<group>"; };
		D26F05942AC6895E0061FACE /* StoryScroll.app */ = {isa = PBXFileReference; explicitFileType = wrapper.application; includeInIndex = 0; path = StoryScroll.app; sourceTree = BUILT_PRODUCTS_DIR; };
		D26F05972AC6895E0061FACE /* AppDelegate.swift */ = {isa = PBXFileReference; lastKnownFileType = sourcecode.swift; path = AppDelegate.swift; sourceTree = "<group>"; };
		D26F05992AC6895E0061FACE /* SceneDelegate.swift */ = {isa = PBXFileReference; lastKnownFileType = sourcecode.swift; path = SceneDelegate.swift; sourceTree = "<group>"; };
		D26F059E2AC6895E0061FACE /* Base */ = {isa = PBXFileReference; lastKnownFileType = file.storyboard; name = Base; path = Base.lproj/Main.storyboard; sourceTree = "<group>"; };
		D26F05A12AC6895E0061FACE /* StoryScroll.xcdatamodel */ = {isa = PBXFileReference; lastKnownFileType = wrapper.xcdatamodel; path = StoryScroll.xcdatamodel; sourceTree = "<group>"; };
		D26F05A32AC689600061FACE /* Assets.xcassets */ = {isa = PBXFileReference; lastKnownFileType = folder.assetcatalog; path = Assets.xcassets; sourceTree = "<group>"; };
		D26F05A62AC689600061FACE /* Base */ = {isa = PBXFileReference; lastKnownFileType = file.storyboard; name = Base; path = Base.lproj/LaunchScreen.storyboard; sourceTree = "<group>"; };
		D26F05A82AC689600061FACE /* Info.plist */ = {isa = PBXFileReference; lastKnownFileType = text.plist.xml; path = Info.plist; sourceTree = "<group>"; };
		D26F05B72AC68C1B0061FACE /* Constant.swift */ = {isa = PBXFileReference; lastKnownFileType = sourcecode.swift; path = Constant.swift; sourceTree = "<group>"; };
		D26F05BA2AC68CDC0061FACE /* EndPointType.swift */ = {isa = PBXFileReference; lastKnownFileType = sourcecode.swift; path = EndPointType.swift; sourceTree = "<group>"; };
		D26F05BC2AC68CF40061FACE /* DataEndPoint.swift */ = {isa = PBXFileReference; lastKnownFileType = sourcecode.swift; path = DataEndPoint.swift; sourceTree = "<group>"; };
		D26F05BE2AC68FCE0061FACE /* ApiManager.swift */ = {isa = PBXFileReference; lastKnownFileType = sourcecode.swift; path = ApiManager.swift; sourceTree = "<group>"; };
		D26F05C42AC692920061FACE /* BookModel.swift */ = {isa = PBXFileReference; lastKnownFileType = sourcecode.swift; path = BookModel.swift; sourceTree = "<group>"; };
		D26F05C62AC697B60061FACE /* BooksViewModel.swift */ = {isa = PBXFileReference; lastKnownFileType = sourcecode.swift; path = BooksViewModel.swift; sourceTree = "<group>"; };
		D2EF126D2AC9253700468355 /* BookPreviewViewController.swift */ = {isa = PBXFileReference; lastKnownFileType = sourcecode.swift; path = BookPreviewViewController.swift; sourceTree = "<group>"; };
		D2FC85AC2ACBE46F009E41F7 /* GoogleService-Info.plist */ = {isa = PBXFileReference; fileEncoding = 4; lastKnownFileType = text.plist.xml; path = "GoogleService-Info.plist"; sourceTree = "<group>"; };
		D2FC85BE2ACBE561009E41F7 /* SignInViewController.swift */ = {isa = PBXFileReference; lastKnownFileType = sourcecode.swift; path = SignInViewController.swift; sourceTree = "<group>"; };
		D2FC85F72ACBF2F2009E41F7 /* TabBarViewController.swift */ = {isa = PBXFileReference; lastKnownFileType = sourcecode.swift; path = TabBarViewController.swift; sourceTree = "<group>"; };
		D2FC85FC2ACC1014009E41F7 /* BookDescriptionViewController.swift */ = {isa = PBXFileReference; lastKnownFileType = sourcecode.swift; path = BookDescriptionViewController.swift; sourceTree = "<group>"; };
/* End PBXFileReference section */

/* Begin PBXFrameworksBuildPhase section */
		D26F05912AC6895E0061FACE /* Frameworks */ = {
			isa = PBXFrameworksBuildPhase;
			buildActionMask = 2147483647;
			files = (
				D2FC85E62ACBE6BB009E41F7 /* FirebaseInAppMessagingSwift-Beta in Frameworks */,
				D2FC85D62ACBE6BB009E41F7 /* FirebaseDatabaseSwift in Frameworks */,
				D2FC85D42ACBE6BB009E41F7 /* FirebaseDatabase in Frameworks */,
				D2FC85EA2ACBE6BB009E41F7 /* FirebaseMLModelDownloader in Frameworks */,
				D2FC85FB2ACC04A8009E41F7 /* EPUBKit in Frameworks */,
				D2FC85CA2ACBE6BB009E41F7 /* FirebaseAppCheck in Frameworks */,
				D2FC85E22ACBE6BB009E41F7 /* FirebaseFunctionsCombine-Community in Frameworks */,
				D2FC85E82ACBE6BB009E41F7 /* FirebaseInstallations in Frameworks */,
				D2FC85EC2ACBE6BB009E41F7 /* FirebaseMessaging in Frameworks */,
				D2FC85CE2ACBE6BB009E41F7 /* FirebaseAuth in Frameworks */,
				D2FC85F02ACBE6BB009E41F7 /* FirebaseRemoteConfig in Frameworks */,
				D2FC85C62ACBE6BB009E41F7 /* FirebaseAnalyticsSwift in Frameworks */,
				D2FC85F42ACBE6BB009E41F7 /* FirebaseStorage in Frameworks */,
				D2FC85EE2ACBE6BB009E41F7 /* FirebasePerformance in Frameworks */,
				D2FC85DA2ACBE6BB009E41F7 /* FirebaseFirestore in Frameworks */,
				D2FC85BD2ACBE50D009E41F7 /* GoogleSignInSwift in Frameworks */,
				D2FC85E42ACBE6BB009E41F7 /* FirebaseInAppMessaging-Beta in Frameworks */,
				D216E0A72AC7E202007D253B /* Kingfisher in Frameworks */,
				D2FC85C42ACBE6BB009E41F7 /* FirebaseAnalyticsOnDeviceConversion in Frameworks */,
				D2FC85F22ACBE6BB009E41F7 /* FirebaseRemoteConfigSwift in Frameworks */,
				D2FC85D02ACBE6BB009E41F7 /* FirebaseAuthCombine-Community in Frameworks */,
				D2FC85E02ACBE6BB009E41F7 /* FirebaseFunctions in Frameworks */,
				D2FC85C82ACBE6BB009E41F7 /* FirebaseAnalyticsWithoutAdIdSupport in Frameworks */,
				D2FC85F62ACBE6BB009E41F7 /* FirebaseStorageCombine-Community in Frameworks */,
				D2FC85DC2ACBE6BB009E41F7 /* FirebaseFirestoreCombine-Community in Frameworks */,
				D2FC85C22ACBE6BB009E41F7 /* FirebaseAnalytics in Frameworks */,
				D2FC85D22ACBE6BB009E41F7 /* FirebaseCrashlytics in Frameworks */,
				D2FC85BB2ACBE50D009E41F7 /* GoogleSignIn in Frameworks */,
				D2FC85CC2ACBE6BB009E41F7 /* FirebaseAppDistribution-Beta in Frameworks */,
				D2FC85D82ACBE6BB009E41F7 /* FirebaseDynamicLinks in Frameworks */,
				D2FC85DE2ACBE6BB009E41F7 /* FirebaseFirestoreSwift in Frameworks */,
			);
			runOnlyForDeploymentPostprocessing = 0;
		};
/* End PBXFrameworksBuildPhase section */

/* Begin PBXGroup section */
		D2274CAC2AC8430500150D81 /* View */ = {
			isa = PBXGroup;
			children = (
				D2274CAD2AC8433D00150D81 /* HomeViewController.swift */,
				D2274CAF2AC8490D00150D81 /* BooksTableViewCell.swift */,
				D2EF126D2AC9253700468355 /* BookPreviewViewController.swift */,
				D23EAE4B2ACA779500A0E6C6 /* BookCollectionViewController.swift */,
				D2FC85BE2ACBE561009E41F7 /* SignInViewController.swift */,
				D2FC85F72ACBF2F2009E41F7 /* TabBarViewController.swift */,
				D2FC85FC2ACC1014009E41F7 /* BookDescriptionViewController.swift */,
			);
			path = View;
			sourceTree = "<group>";
		};
		D26F058B2AC6895E0061FACE = {
			isa = PBXGroup;
			children = (
				D26F05962AC6895E0061FACE /* StoryScroll */,
				D26F05952AC6895E0061FACE /* Products */,
			);
			sourceTree = "<group>";
		};
		D26F05952AC6895E0061FACE /* Products */ = {
			isa = PBXGroup;
			children = (
				D26F05942AC6895E0061FACE /* StoryScroll.app */,
			);
			name = Products;
			sourceTree = "<group>";
		};
		D26F05962AC6895E0061FACE /* StoryScroll */ = {
			isa = PBXGroup;
			children = (
				D26F05AE2AC68A820061FACE /* Application */,
				D26F05AF2AC68A8E0061FACE /* Constants */,
				D26F05B92AC68CB80061FACE /* Utlity */,
				D26F05B02AC68A9D0061FACE /* Extensions */,
				D26F05B32AC68AD90061FACE /* ApiManager */,
				D26F05B12AC68AA80061FACE /* Scenes */,
				D26F05B22AC68AC90061FACE /* Storyboard */,
				D26F05B42AC68AEE0061FACE /* Resources */,
				D26F05A82AC689600061FACE /* Info.plist */,
				D2FC85AC2ACBE46F009E41F7 /* GoogleService-Info.plist */,
				D26F05A02AC6895E0061FACE /* StoryScroll.xcdatamodeld */,
			);
			path = StoryScroll;
			sourceTree = "<group>";
		};
		D26F05AE2AC68A820061FACE /* Application */ = {
			isa = PBXGroup;
			children = (
				D26F05972AC6895E0061FACE /* AppDelegate.swift */,
				D26F05992AC6895E0061FACE /* SceneDelegate.swift */,
			);
			path = Application;
			sourceTree = "<group>";
		};
		D26F05AF2AC68A8E0061FACE /* Constants */ = {
			isa = PBXGroup;
			children = (
				D26F05B72AC68C1B0061FACE /* Constant.swift */,
			);
			path = Constants;
			sourceTree = "<group>";
		};
		D26F05B02AC68A9D0061FACE /* Extensions */ = {
			isa = PBXGroup;
			children = (
				D216E0A82AC7E292007D253B /* UIimage + Extension.swift */,
				D23EAE572ACAFFE400A0E6C6 /* gifImageLoader.swift */,
			);
			path = Extensions;
			sourceTree = "<group>";
		};
		D26F05B12AC68AA80061FACE /* Scenes */ = {
			isa = PBXGroup;
			children = (
				D26F05C02AC692500061FACE /* Books */,
			);
			path = Scenes;
			sourceTree = "<group>";
		};
		D26F05B22AC68AC90061FACE /* Storyboard */ = {
			isa = PBXGroup;
			children = (
				D26F059D2AC6895E0061FACE /* Main.storyboard */,
				D26F05A52AC689600061FACE /* LaunchScreen.storyboard */,
			);
			path = Storyboard;
			sourceTree = "<group>";
		};
		D26F05B32AC68AD90061FACE /* ApiManager */ = {
			isa = PBXGroup;
			children = (
				D26F05BE2AC68FCE0061FACE /* ApiManager.swift */,
			);
			path = ApiManager;
			sourceTree = "<group>";
		};
		D26F05B42AC68AEE0061FACE /* Resources */ = {
			isa = PBXGroup;
			children = (
				D23EAE552ACAFE7900A0E6C6 /* 2.gif */,
				D23EAE532ACAF60000A0E6C6 /* 1.gif */,
				D26F05A32AC689600061FACE /* Assets.xcassets */,
			);
			path = Resources;
			sourceTree = "<group>";
		};
		D26F05B92AC68CB80061FACE /* Utlity */ = {
			isa = PBXGroup;
			children = (
				D26F05BA2AC68CDC0061FACE /* EndPointType.swift */,
				D26F05BC2AC68CF40061FACE /* DataEndPoint.swift */,
				D23EAE512ACAE8F900A0E6C6 /* TimerManager.swift */,
			);
			path = Utlity;
			sourceTree = "<group>";
		};
		D26F05C02AC692500061FACE /* Books */ = {
			isa = PBXGroup;
			children = (
				D26F05C32AC6926D0061FACE /* Model */,
				D2274CAC2AC8430500150D81 /* View */,
				D26F05C12AC6925B0061FACE /* viewModel */,
			);
			path = Books;
			sourceTree = "<group>";
		};
		D26F05C12AC6925B0061FACE /* viewModel */ = {
			isa = PBXGroup;
			children = (
				D26F05C62AC697B60061FACE /* BooksViewModel.swift */,
			);
			path = viewModel;
			sourceTree = "<group>";
		};
		D26F05C32AC6926D0061FACE /* Model */ = {
			isa = PBXGroup;
			children = (
				D26F05C42AC692920061FACE /* BookModel.swift */,
			);
			path = Model;
			sourceTree = "<group>";
		};
/* End PBXGroup section */

/* Begin PBXNativeTarget section */
		D26F05932AC6895E0061FACE /* StoryScroll */ = {
			isa = PBXNativeTarget;
			buildConfigurationList = D26F05AB2AC689600061FACE /* Build configuration list for PBXNativeTarget "StoryScroll" */;
			buildPhases = (
				D26F05902AC6895E0061FACE /* Sources */,
				D26F05912AC6895E0061FACE /* Frameworks */,
				D26F05922AC6895E0061FACE /* Resources */,
			);
			buildRules = (
			);
			dependencies = (
			);
			name = StoryScroll;
			packageProductDependencies = (
				D216E0A62AC7E202007D253B /* Kingfisher */,
				D2FC85BA2ACBE50D009E41F7 /* GoogleSignIn */,
				D2FC85BC2ACBE50D009E41F7 /* GoogleSignInSwift */,
				D2FC85C12ACBE6BB009E41F7 /* FirebaseAnalytics */,
				D2FC85C32ACBE6BB009E41F7 /* FirebaseAnalyticsOnDeviceConversion */,
				D2FC85C52ACBE6BB009E41F7 /* FirebaseAnalyticsSwift */,
				D2FC85C72ACBE6BB009E41F7 /* FirebaseAnalyticsWithoutAdIdSupport */,
				D2FC85C92ACBE6BB009E41F7 /* FirebaseAppCheck */,
				D2FC85CB2ACBE6BB009E41F7 /* FirebaseAppDistribution-Beta */,
				D2FC85CD2ACBE6BB009E41F7 /* FirebaseAuth */,
				D2FC85CF2ACBE6BB009E41F7 /* FirebaseAuthCombine-Community */,
				D2FC85D12ACBE6BB009E41F7 /* FirebaseCrashlytics */,
				D2FC85D32ACBE6BB009E41F7 /* FirebaseDatabase */,
				D2FC85D52ACBE6BB009E41F7 /* FirebaseDatabaseSwift */,
				D2FC85D72ACBE6BB009E41F7 /* FirebaseDynamicLinks */,
				D2FC85D92ACBE6BB009E41F7 /* FirebaseFirestore */,
				D2FC85DB2ACBE6BB009E41F7 /* FirebaseFirestoreCombine-Community */,
				D2FC85DD2ACBE6BB009E41F7 /* FirebaseFirestoreSwift */,
				D2FC85DF2ACBE6BB009E41F7 /* FirebaseFunctions */,
				D2FC85E12ACBE6BB009E41F7 /* FirebaseFunctionsCombine-Community */,
				D2FC85E32ACBE6BB009E41F7 /* FirebaseInAppMessaging-Beta */,
				D2FC85E52ACBE6BB009E41F7 /* FirebaseInAppMessagingSwift-Beta */,
				D2FC85E72ACBE6BB009E41F7 /* FirebaseInstallations */,
				D2FC85E92ACBE6BB009E41F7 /* FirebaseMLModelDownloader */,
				D2FC85EB2ACBE6BB009E41F7 /* FirebaseMessaging */,
				D2FC85ED2ACBE6BB009E41F7 /* FirebasePerformance */,
				D2FC85EF2ACBE6BB009E41F7 /* FirebaseRemoteConfig */,
				D2FC85F12ACBE6BB009E41F7 /* FirebaseRemoteConfigSwift */,
				D2FC85F32ACBE6BB009E41F7 /* FirebaseStorage */,
				D2FC85F52ACBE6BB009E41F7 /* FirebaseStorageCombine-Community */,
				D2FC85FA2ACC04A8009E41F7 /* EPUBKit */,
			);
			productName = StoryScroll;
			productReference = D26F05942AC6895E0061FACE /* StoryScroll.app */;
			productType = "com.apple.product-type.application";
		};
/* End PBXNativeTarget section */

/* Begin PBXProject section */
		D26F058C2AC6895E0061FACE /* Project object */ = {
			isa = PBXProject;
			attributes = {
				BuildIndependentTargetsInParallel = 1;
				LastSwiftUpdateCheck = 1500;
				LastUpgradeCheck = 1500;
				TargetAttributes = {
					D26F05932AC6895E0061FACE = {
						CreatedOnToolsVersion = 15.0;
					};
				};
			};
			buildConfigurationList = D26F058F2AC6895E0061FACE /* Build configuration list for PBXProject "StoryScroll" */;
			compatibilityVersion = "Xcode 14.0";
			developmentRegion = en;
			hasScannedForEncodings = 0;
			knownRegions = (
				en,
				Base,
			);
			mainGroup = D26F058B2AC6895E0061FACE;
			packageReferences = (
				D216E0A52AC7E202007D253B /* XCRemoteSwiftPackageReference "Kingfisher" */,
				D2FC85B92ACBE50D009E41F7 /* XCRemoteSwiftPackageReference "GoogleSignIn-iOS" */,
				D2FC85C02ACBE6BB009E41F7 /* XCRemoteSwiftPackageReference "firebase-ios-sdk" */,
				D2FC85F92ACC04A8009E41F7 /* XCRemoteSwiftPackageReference "EPUBKit" */,
			);
			productRefGroup = D26F05952AC6895E0061FACE /* Products */;
			projectDirPath = "";
			projectRoot = "";
			targets = (
				D26F05932AC6895E0061FACE /* StoryScroll */,
			);
		};
/* End PBXProject section */

/* Begin PBXResourcesBuildPhase section */
		D26F05922AC6895E0061FACE /* Resources */ = {
			isa = PBXResourcesBuildPhase;
			buildActionMask = 2147483647;
			files = (
				D26F05A72AC689600061FACE /* LaunchScreen.storyboard in Resources */,
				D2FC85AD2ACBE46F009E41F7 /* GoogleService-Info.plist in Resources */,
				D26F05A42AC689600061FACE /* Assets.xcassets in Resources */,
				D26F059F2AC6895E0061FACE /* Main.storyboard in Resources */,
				D23EAE562ACAFE7A00A0E6C6 /* 2.gif in Resources */,
				D23EAE542ACAF60000A0E6C6 /* 1.gif in Resources */,
			);
			runOnlyForDeploymentPostprocessing = 0;
		};
/* End PBXResourcesBuildPhase section */

/* Begin PBXSourcesBuildPhase section */
		D26F05902AC6895E0061FACE /* Sources */ = {
			isa = PBXSourcesBuildPhase;
			buildActionMask = 2147483647;
			files = (
				D2274CB02AC8490D00150D81 /* BooksTableViewCell.swift in Sources */,
				D2FC85FD2ACC1014009E41F7 /* BookDescriptionViewController.swift in Sources */,
				D26F05A22AC6895E0061FACE /* StoryScroll.xcdatamodeld in Sources */,
				D26F05982AC6895E0061FACE /* AppDelegate.swift in Sources */,
				D23EAE4C2ACA779500A0E6C6 /* BookCollectionViewController.swift in Sources */,
				D2FC85F82ACBF2F3009E41F7 /* TabBarViewController.swift in Sources */,
				D26F05BD2AC68CF40061FACE /* DataEndPoint.swift in Sources */,
				D26F05BF2AC68FCE0061FACE /* ApiManager.swift in Sources */,
				D2274CAE2AC8433D00150D81 /* HomeViewController.swift in Sources */,
				D2FC85BF2ACBE561009E41F7 /* SignInViewController.swift in Sources */,
				D26F059A2AC6895E0061FACE /* SceneDelegate.swift in Sources */,
				D23EAE522ACAE8F900A0E6C6 /* TimerManager.swift in Sources */,
				D2EF126E2AC9253700468355 /* BookPreviewViewController.swift in Sources */,
				D26F05BB2AC68CDC0061FACE /* EndPointType.swift in Sources */,
				D26F05C52AC692920061FACE /* BookModel.swift in Sources */,
				D216E0A92AC7E292007D253B /* UIimage + Extension.swift in Sources */,
				D26F05C72AC697B60061FACE /* BooksViewModel.swift in Sources */,
				D26F05B82AC68C1B0061FACE /* Constant.swift in Sources */,
				D23EAE582ACAFFE400A0E6C6 /* gifImageLoader.swift in Sources */,
			);
			runOnlyForDeploymentPostprocessing = 0;
		};
/* End PBXSourcesBuildPhase section */

/* Begin PBXVariantGroup section */
		D26F059D2AC6895E0061FACE /* Main.storyboard */ = {
			isa = PBXVariantGroup;
			children = (
				D26F059E2AC6895E0061FACE /* Base */,
			);
			name = Main.storyboard;
			sourceTree = "<group>";
		};
		D26F05A52AC689600061FACE /* LaunchScreen.storyboard */ = {
			isa = PBXVariantGroup;
			children = (
				D26F05A62AC689600061FACE /* Base */,
			);
			name = LaunchScreen.storyboard;
			sourceTree = "<group>";
		};
/* End PBXVariantGroup section */

/* Begin XCBuildConfiguration section */
		D26F05A92AC689600061FACE /* Debug */ = {
			isa = XCBuildConfiguration;
			buildSettings = {
				ALWAYS_SEARCH_USER_PATHS = NO;
				ASSETCATALOG_COMPILER_GENERATE_SWIFT_ASSET_SYMBOL_EXTENSIONS = YES;
				CLANG_ANALYZER_NONNULL = YES;
				CLANG_ANALYZER_NUMBER_OBJECT_CONVERSION = YES_AGGRESSIVE;
				CLANG_CXX_LANGUAGE_STANDARD = "gnu++20";
				CLANG_ENABLE_MODULES = YES;
				CLANG_ENABLE_OBJC_ARC = YES;
				CLANG_ENABLE_OBJC_WEAK = YES;
				CLANG_WARN_BLOCK_CAPTURE_AUTORELEASING = YES;
				CLANG_WARN_BOOL_CONVERSION = YES;
				CLANG_WARN_COMMA = YES;
				CLANG_WARN_CONSTANT_CONVERSION = YES;
				CLANG_WARN_DEPRECATED_OBJC_IMPLEMENTATIONS = YES;
				CLANG_WARN_DIRECT_OBJC_ISA_USAGE = YES_ERROR;
				CLANG_WARN_DOCUMENTATION_COMMENTS = YES;
				CLANG_WARN_EMPTY_BODY = YES;
				CLANG_WARN_ENUM_CONVERSION = YES;
				CLANG_WARN_INFINITE_RECURSION = YES;
				CLANG_WARN_INT_CONVERSION = YES;
				CLANG_WARN_NON_LITERAL_NULL_CONVERSION = YES;
				CLANG_WARN_OBJC_IMPLICIT_RETAIN_SELF = YES;
				CLANG_WARN_OBJC_LITERAL_CONVERSION = YES;
				CLANG_WARN_OBJC_ROOT_CLASS = YES_ERROR;
				CLANG_WARN_QUOTED_INCLUDE_IN_FRAMEWORK_HEADER = YES;
				CLANG_WARN_RANGE_LOOP_ANALYSIS = YES;
				CLANG_WARN_STRICT_PROTOTYPES = YES;
				CLANG_WARN_SUSPICIOUS_MOVE = YES;
				CLANG_WARN_UNGUARDED_AVAILABILITY = YES_AGGRESSIVE;
				CLANG_WARN_UNREACHABLE_CODE = YES;
				CLANG_WARN__DUPLICATE_METHOD_MATCH = YES;
				COPY_PHASE_STRIP = NO;
				DEBUG_INFORMATION_FORMAT = dwarf;
				ENABLE_STRICT_OBJC_MSGSEND = YES;
				ENABLE_TESTABILITY = YES;
				ENABLE_USER_SCRIPT_SANDBOXING = YES;
				GCC_C_LANGUAGE_STANDARD = gnu17;
				GCC_DYNAMIC_NO_PIC = NO;
				GCC_NO_COMMON_BLOCKS = YES;
				GCC_OPTIMIZATION_LEVEL = 0;
				GCC_PREPROCESSOR_DEFINITIONS = (
					"DEBUG=1",
					"$(inherited)",
				);
				GCC_WARN_64_TO_32_BIT_CONVERSION = YES;
				GCC_WARN_ABOUT_RETURN_TYPE = YES_ERROR;
				GCC_WARN_UNDECLARED_SELECTOR = YES;
				GCC_WARN_UNINITIALIZED_AUTOS = YES_AGGRESSIVE;
				GCC_WARN_UNUSED_FUNCTION = YES;
				GCC_WARN_UNUSED_VARIABLE = YES;
				IPHONEOS_DEPLOYMENT_TARGET = 17.0;
				LOCALIZATION_PREFERS_STRING_CATALOGS = YES;
				MTL_ENABLE_DEBUG_INFO = INCLUDE_SOURCE;
				MTL_FAST_MATH = YES;
				ONLY_ACTIVE_ARCH = YES;
				SDKROOT = iphoneos;
				SWIFT_ACTIVE_COMPILATION_CONDITIONS = "DEBUG $(inherited)";
				SWIFT_OPTIMIZATION_LEVEL = "-Onone";
			};
			name = Debug;
		};
		D26F05AA2AC689600061FACE /* Release */ = {
			isa = XCBuildConfiguration;
			buildSettings = {
				ALWAYS_SEARCH_USER_PATHS = NO;
				ASSETCATALOG_COMPILER_GENERATE_SWIFT_ASSET_SYMBOL_EXTENSIONS = YES;
				CLANG_ANALYZER_NONNULL = YES;
				CLANG_ANALYZER_NUMBER_OBJECT_CONVERSION = YES_AGGRESSIVE;
				CLANG_CXX_LANGUAGE_STANDARD = "gnu++20";
				CLANG_ENABLE_MODULES = YES;
				CLANG_ENABLE_OBJC_ARC = YES;
				CLANG_ENABLE_OBJC_WEAK = YES;
				CLANG_WARN_BLOCK_CAPTURE_AUTORELEASING = YES;
				CLANG_WARN_BOOL_CONVERSION = YES;
				CLANG_WARN_COMMA = YES;
				CLANG_WARN_CONSTANT_CONVERSION = YES;
				CLANG_WARN_DEPRECATED_OBJC_IMPLEMENTATIONS = YES;
				CLANG_WARN_DIRECT_OBJC_ISA_USAGE = YES_ERROR;
				CLANG_WARN_DOCUMENTATION_COMMENTS = YES;
				CLANG_WARN_EMPTY_BODY = YES;
				CLANG_WARN_ENUM_CONVERSION = YES;
				CLANG_WARN_INFINITE_RECURSION = YES;
				CLANG_WARN_INT_CONVERSION = YES;
				CLANG_WARN_NON_LITERAL_NULL_CONVERSION = YES;
				CLANG_WARN_OBJC_IMPLICIT_RETAIN_SELF = YES;
				CLANG_WARN_OBJC_LITERAL_CONVERSION = YES;
				CLANG_WARN_OBJC_ROOT_CLASS = YES_ERROR;
				CLANG_WARN_QUOTED_INCLUDE_IN_FRAMEWORK_HEADER = YES;
				CLANG_WARN_RANGE_LOOP_ANALYSIS = YES;
				CLANG_WARN_STRICT_PROTOTYPES = YES;
				CLANG_WARN_SUSPICIOUS_MOVE = YES;
				CLANG_WARN_UNGUARDED_AVAILABILITY = YES_AGGRESSIVE;
				CLANG_WARN_UNREACHABLE_CODE = YES;
				CLANG_WARN__DUPLICATE_METHOD_MATCH = YES;
				COPY_PHASE_STRIP = NO;
				DEBUG_INFORMATION_FORMAT = "dwarf-with-dsym";
				ENABLE_NS_ASSERTIONS = NO;
				ENABLE_STRICT_OBJC_MSGSEND = YES;
				ENABLE_USER_SCRIPT_SANDBOXING = YES;
				GCC_C_LANGUAGE_STANDARD = gnu17;
				GCC_NO_COMMON_BLOCKS = YES;
				GCC_WARN_64_TO_32_BIT_CONVERSION = YES;
				GCC_WARN_ABOUT_RETURN_TYPE = YES_ERROR;
				GCC_WARN_UNDECLARED_SELECTOR = YES;
				GCC_WARN_UNINITIALIZED_AUTOS = YES_AGGRESSIVE;
				GCC_WARN_UNUSED_FUNCTION = YES;
				GCC_WARN_UNUSED_VARIABLE = YES;
				IPHONEOS_DEPLOYMENT_TARGET = 17.0;
				LOCALIZATION_PREFERS_STRING_CATALOGS = YES;
				MTL_ENABLE_DEBUG_INFO = NO;
				MTL_FAST_MATH = YES;
				SDKROOT = iphoneos;
				SWIFT_COMPILATION_MODE = wholemodule;
				VALIDATE_PRODUCT = YES;
			};
			name = Release;
		};
		D26F05AC2AC689600061FACE /* Debug */ = {
			isa = XCBuildConfiguration;
			buildSettings = {
				ASSETCATALOG_COMPILER_APPICON_NAME = AppIcon;
				ASSETCATALOG_COMPILER_GLOBAL_ACCENT_COLOR_NAME = AccentColor;
				CODE_SIGN_STYLE = Automatic;
				CURRENT_PROJECT_VERSION = 1;
				DEVELOPMENT_TEAM = 9P2DNH3C2B;
				GENERATE_INFOPLIST_FILE = YES;
				INFOPLIST_FILE = StoryScroll/Info.plist;
				INFOPLIST_KEY_NSAppleMusicUsageDescription = "";
				INFOPLIST_KEY_NSDocumentsFolderUsageDescription = "";
				INFOPLIST_KEY_NSDownloadsFolderUsageDescription = "download pdf";
				INFOPLIST_KEY_UIApplicationSupportsIndirectInputEvents = YES;
				INFOPLIST_KEY_UILaunchStoryboardName = LaunchScreen;
				INFOPLIST_KEY_UIMainStoryboardFile = Main;
				INFOPLIST_KEY_UISupportedInterfaceOrientations_iPad = "UIInterfaceOrientationPortrait UIInterfaceOrientationPortraitUpsideDown UIInterfaceOrientationLandscapeLeft UIInterfaceOrientationLandscapeRight";
				INFOPLIST_KEY_UISupportedInterfaceOrientations_iPhone = "UIInterfaceOrientationPortrait UIInterfaceOrientationLandscapeLeft UIInterfaceOrientationLandscapeRight";
				LD_RUNPATH_SEARCH_PATHS = (
					"$(inherited)",
					"@executable_path/Frameworks",
				);
				MARKETING_VERSION = 1.0;
				PRODUCT_BUNDLE_IDENTIFIER = me.singh.adarsh.StoryScroll;
				PRODUCT_NAME = "$(TARGET_NAME)";
				SWIFT_EMIT_LOC_STRINGS = YES;
				SWIFT_ENFORCE_EXCLUSIVE_ACCESS = off;
				SWIFT_VERSION = 5.0;
				TARGETED_DEVICE_FAMILY = "1,2";
			};
			name = Debug;
		};
		D26F05AD2AC689600061FACE /* Release */ = {
			isa = XCBuildConfiguration;
			buildSettings = {
				ASSETCATALOG_COMPILER_APPICON_NAME = AppIcon;
				ASSETCATALOG_COMPILER_GLOBAL_ACCENT_COLOR_NAME = AccentColor;
				CODE_SIGN_STYLE = Automatic;
				CURRENT_PROJECT_VERSION = 1;
				DEVELOPMENT_TEAM = 9P2DNH3C2B;
				GENERATE_INFOPLIST_FILE = YES;
				INFOPLIST_FILE = StoryScroll/Info.plist;
				INFOPLIST_KEY_NSAppleMusicUsageDescription = "";
				INFOPLIST_KEY_NSDocumentsFolderUsageDescription = "";
				INFOPLIST_KEY_NSDownloadsFolderUsageDescription = "download pdf";
				INFOPLIST_KEY_UIApplicationSupportsIndirectInputEvents = YES;
				INFOPLIST_KEY_UILaunchStoryboardName = LaunchScreen;
				INFOPLIST_KEY_UIMainStoryboardFile = Main;
				INFOPLIST_KEY_UISupportedInterfaceOrientations_iPad = "UIInterfaceOrientationPortrait UIInterfaceOrientationPortraitUpsideDown UIInterfaceOrientationLandscapeLeft UIInterfaceOrientationLandscapeRight";
				INFOPLIST_KEY_UISupportedInterfaceOrientations_iPhone = "UIInterfaceOrientationPortrait UIInterfaceOrientationLandscapeLeft UIInterfaceOrientationLandscapeRight";
				LD_RUNPATH_SEARCH_PATHS = (
					"$(inherited)",
					"@executable_path/Frameworks",
				);
				MARKETING_VERSION = 1.0;
				PRODUCT_BUNDLE_IDENTIFIER = me.singh.adarsh.StoryScroll;
				PRODUCT_NAME = "$(TARGET_NAME)";
				SWIFT_EMIT_LOC_STRINGS = YES;
				SWIFT_ENFORCE_EXCLUSIVE_ACCESS = off;
				SWIFT_VERSION = 5.0;
				TARGETED_DEVICE_FAMILY = "1,2";
			};
			name = Release;
		};
/* End XCBuildConfiguration section */

/* Begin XCConfigurationList section */
		D26F058F2AC6895E0061FACE /* Build configuration list for PBXProject "StoryScroll" */ = {
			isa = XCConfigurationList;
			buildConfigurations = (
				D26F05A92AC689600061FACE /* Debug */,
				D26F05AA2AC689600061FACE /* Release */,
			);
			defaultConfigurationIsVisible = 0;
			defaultConfigurationName = Release;
		};
		D26F05AB2AC689600061FACE /* Build configuration list for PBXNativeTarget "StoryScroll" */ = {
			isa = XCConfigurationList;
			buildConfigurations = (
				D26F05AC2AC689600061FACE /* Debug */,
				D26F05AD2AC689600061FACE /* Release */,
			);
			defaultConfigurationIsVisible = 0;
			defaultConfigurationName = Release;
		};
/* End XCConfigurationList section */

/* Begin XCRemoteSwiftPackageReference section */
		D216E0A52AC7E202007D253B /* XCRemoteSwiftPackageReference "Kingfisher" */ = {
			isa = XCRemoteSwiftPackageReference;
			repositoryURL = "https://github.com/onevcat/Kingfisher.git";
			requirement = {
				kind = upToNextMajorVersion;
				minimumVersion = 7.9.1;
			};
		};
		D2FC85B92ACBE50D009E41F7 /* XCRemoteSwiftPackageReference "GoogleSignIn-iOS" */ = {
			isa = XCRemoteSwiftPackageReference;
			repositoryURL = "https://github.com/google/GoogleSignIn-iOS";
			requirement = {
				kind = upToNextMajorVersion;
				minimumVersion = 7.0.0;
			};
		};
		D2FC85C02ACBE6BB009E41F7 /* XCRemoteSwiftPackageReference "firebase-ios-sdk" */ = {
			isa = XCRemoteSwiftPackageReference;
			repositoryURL = "https://github.com/firebase/firebase-ios-sdk";
			requirement = {
				kind = exactVersion;
				version = 10.15.0;
			};
		};
		D2FC85F92ACC04A8009E41F7 /* XCRemoteSwiftPackageReference "EPUBKit" */ = {
			isa = XCRemoteSwiftPackageReference;
			repositoryURL = "https://github.com/witekbobrowski/EPUBKit.git";
			requirement = {
				kind = upToNextMajorVersion;
				minimumVersion = 0.4.0;
			};
		};
/* End XCRemoteSwiftPackageReference section */

/* Begin XCSwiftPackageProductDependency section */
		D216E0A62AC7E202007D253B /* Kingfisher */ = {
			isa = XCSwiftPackageProductDependency;
			package = D216E0A52AC7E202007D253B /* XCRemoteSwiftPackageReference "Kingfisher" */;
			productName = Kingfisher;
		};
		D2FC85BA2ACBE50D009E41F7 /* GoogleSignIn */ = {
			isa = XCSwiftPackageProductDependency;
			package = D2FC85B92ACBE50D009E41F7 /* XCRemoteSwiftPackageReference "GoogleSignIn-iOS" */;
			productName = GoogleSignIn;
		};
		D2FC85BC2ACBE50D009E41F7 /* GoogleSignInSwift */ = {
			isa = XCSwiftPackageProductDependency;
			package = D2FC85B92ACBE50D009E41F7 /* XCRemoteSwiftPackageReference "GoogleSignIn-iOS" */;
			productName = GoogleSignInSwift;
		};
		D2FC85C12ACBE6BB009E41F7 /* FirebaseAnalytics */ = {
			isa = XCSwiftPackageProductDependency;
			package = D2FC85C02ACBE6BB009E41F7 /* XCRemoteSwiftPackageReference "firebase-ios-sdk" */;
			productName = FirebaseAnalytics;
		};
		D2FC85C32ACBE6BB009E41F7 /* FirebaseAnalyticsOnDeviceConversion */ = {
			isa = XCSwiftPackageProductDependency;
			package = D2FC85C02ACBE6BB009E41F7 /* XCRemoteSwiftPackageReference "firebase-ios-sdk" */;
			productName = FirebaseAnalyticsOnDeviceConversion;
		};
		D2FC85C52ACBE6BB009E41F7 /* FirebaseAnalyticsSwift */ = {
			isa = XCSwiftPackageProductDependency;
			package = D2FC85C02ACBE6BB009E41F7 /* XCRemoteSwiftPackageReference "firebase-ios-sdk" */;
			productName = FirebaseAnalyticsSwift;
		};
		D2FC85C72ACBE6BB009E41F7 /* FirebaseAnalyticsWithoutAdIdSupport */ = {
			isa = XCSwiftPackageProductDependency;
			package = D2FC85C02ACBE6BB009E41F7 /* XCRemoteSwiftPackageReference "firebase-ios-sdk" */;
			productName = FirebaseAnalyticsWithoutAdIdSupport;
		};
		D2FC85C92ACBE6BB009E41F7 /* FirebaseAppCheck */ = {
			isa = XCSwiftPackageProductDependency;
			package = D2FC85C02ACBE6BB009E41F7 /* XCRemoteSwiftPackageReference "firebase-ios-sdk" */;
			productName = FirebaseAppCheck;
		};
		D2FC85CB2ACBE6BB009E41F7 /* FirebaseAppDistribution-Beta */ = {
			isa = XCSwiftPackageProductDependency;
			package = D2FC85C02ACBE6BB009E41F7 /* XCRemoteSwiftPackageReference "firebase-ios-sdk" */;
			productName = "FirebaseAppDistribution-Beta";
		};
		D2FC85CD2ACBE6BB009E41F7 /* FirebaseAuth */ = {
			isa = XCSwiftPackageProductDependency;
			package = D2FC85C02ACBE6BB009E41F7 /* XCRemoteSwiftPackageReference "firebase-ios-sdk" */;
			productName = FirebaseAuth;
		};
		D2FC85CF2ACBE6BB009E41F7 /* FirebaseAuthCombine-Community */ = {
			isa = XCSwiftPackageProductDependency;
			package = D2FC85C02ACBE6BB009E41F7 /* XCRemoteSwiftPackageReference "firebase-ios-sdk" */;
			productName = "FirebaseAuthCombine-Community";
		};
		D2FC85D12ACBE6BB009E41F7 /* FirebaseCrashlytics */ = {
			isa = XCSwiftPackageProductDependency;
			package = D2FC85C02ACBE6BB009E41F7 /* XCRemoteSwiftPackageReference "firebase-ios-sdk" */;
			productName = FirebaseCrashlytics;
		};
		D2FC85D32ACBE6BB009E41F7 /* FirebaseDatabase */ = {
			isa = XCSwiftPackageProductDependency;
			package = D2FC85C02ACBE6BB009E41F7 /* XCRemoteSwiftPackageReference "firebase-ios-sdk" */;
			productName = FirebaseDatabase;
		};
		D2FC85D52ACBE6BB009E41F7 /* FirebaseDatabaseSwift */ = {
			isa = XCSwiftPackageProductDependency;
			package = D2FC85C02ACBE6BB009E41F7 /* XCRemoteSwiftPackageReference "firebase-ios-sdk" */;
			productName = FirebaseDatabaseSwift;
		};
		D2FC85D72ACBE6BB009E41F7 /* FirebaseDynamicLinks */ = {
			isa = XCSwiftPackageProductDependency;
			package = D2FC85C02ACBE6BB009E41F7 /* XCRemoteSwiftPackageReference "firebase-ios-sdk" */;
			productName = FirebaseDynamicLinks;
		};
		D2FC85D92ACBE6BB009E41F7 /* FirebaseFirestore */ = {
			isa = XCSwiftPackageProductDependency;
			package = D2FC85C02ACBE6BB009E41F7 /* XCRemoteSwiftPackageReference "firebase-ios-sdk" */;
			productName = FirebaseFirestore;
		};
		D2FC85DB2ACBE6BB009E41F7 /* FirebaseFirestoreCombine-Community */ = {
			isa = XCSwiftPackageProductDependency;
			package = D2FC85C02ACBE6BB009E41F7 /* XCRemoteSwiftPackageReference "firebase-ios-sdk" */;
			productName = "FirebaseFirestoreCombine-Community";
		};
		D2FC85DD2ACBE6BB009E41F7 /* FirebaseFirestoreSwift */ = {
			isa = XCSwiftPackageProductDependency;
			package = D2FC85C02ACBE6BB009E41F7 /* XCRemoteSwiftPackageReference "firebase-ios-sdk" */;
			productName = FirebaseFirestoreSwift;
		};
		D2FC85DF2ACBE6BB009E41F7 /* FirebaseFunctions */ = {
			isa = XCSwiftPackageProductDependency;
			package = D2FC85C02ACBE6BB009E41F7 /* XCRemoteSwiftPackageReference "firebase-ios-sdk" */;
			productName = FirebaseFunctions;
		};
		D2FC85E12ACBE6BB009E41F7 /* FirebaseFunctionsCombine-Community */ = {
			isa = XCSwiftPackageProductDependency;
			package = D2FC85C02ACBE6BB009E41F7 /* XCRemoteSwiftPackageReference "firebase-ios-sdk" */;
			productName = "FirebaseFunctionsCombine-Community";
		};
		D2FC85E32ACBE6BB009E41F7 /* FirebaseInAppMessaging-Beta */ = {
			isa = XCSwiftPackageProductDependency;
			package = D2FC85C02ACBE6BB009E41F7 /* XCRemoteSwiftPackageReference "firebase-ios-sdk" */;
			productName = "FirebaseInAppMessaging-Beta";
		};
		D2FC85E52ACBE6BB009E41F7 /* FirebaseInAppMessagingSwift-Beta */ = {
			isa = XCSwiftPackageProductDependency;
			package = D2FC85C02ACBE6BB009E41F7 /* XCRemoteSwiftPackageReference "firebase-ios-sdk" */;
			productName = "FirebaseInAppMessagingSwift-Beta";
		};
		D2FC85E72ACBE6BB009E41F7 /* FirebaseInstallations */ = {
			isa = XCSwiftPackageProductDependency;
			package = D2FC85C02ACBE6BB009E41F7 /* XCRemoteSwiftPackageReference "firebase-ios-sdk" */;
			productName = FirebaseInstallations;
		};
		D2FC85E92ACBE6BB009E41F7 /* FirebaseMLModelDownloader */ = {
			isa = XCSwiftPackageProductDependency;
			package = D2FC85C02ACBE6BB009E41F7 /* XCRemoteSwiftPackageReference "firebase-ios-sdk" */;
			productName = FirebaseMLModelDownloader;
		};
		D2FC85EB2ACBE6BB009E41F7 /* FirebaseMessaging */ = {
			isa = XCSwiftPackageProductDependency;
			package = D2FC85C02ACBE6BB009E41F7 /* XCRemoteSwiftPackageReference "firebase-ios-sdk" */;
			productName = FirebaseMessaging;
		};
		D2FC85ED2ACBE6BB009E41F7 /* FirebasePerformance */ = {
			isa = XCSwiftPackageProductDependency;
			package = D2FC85C02ACBE6BB009E41F7 /* XCRemoteSwiftPackageReference "firebase-ios-sdk" */;
			productName = FirebasePerformance;
		};
		D2FC85EF2ACBE6BB009E41F7 /* FirebaseRemoteConfig */ = {
			isa = XCSwiftPackageProductDependency;
			package = D2FC85C02ACBE6BB009E41F7 /* XCRemoteSwiftPackageReference "firebase-ios-sdk" */;
			productName = FirebaseRemoteConfig;
		};
		D2FC85F12ACBE6BB009E41F7 /* FirebaseRemoteConfigSwift */ = {
			isa = XCSwiftPackageProductDependency;
			package = D2FC85C02ACBE6BB009E41F7 /* XCRemoteSwiftPackageReference "firebase-ios-sdk" */;
			productName = FirebaseRemoteConfigSwift;
		};
		D2FC85F32ACBE6BB009E41F7 /* FirebaseStorage */ = {
			isa = XCSwiftPackageProductDependency;
			package = D2FC85C02ACBE6BB009E41F7 /* XCRemoteSwiftPackageReference "firebase-ios-sdk" */;
			productName = FirebaseStorage;
		};
		D2FC85F52ACBE6BB009E41F7 /* FirebaseStorageCombine-Community */ = {
			isa = XCSwiftPackageProductDependency;
			package = D2FC85C02ACBE6BB009E41F7 /* XCRemoteSwiftPackageReference "firebase-ios-sdk" */;
			productName = "FirebaseStorageCombine-Community";
		};
		D2FC85FA2ACC04A8009E41F7 /* EPUBKit */ = {
			isa = XCSwiftPackageProductDependency;
			package = D2FC85F92ACC04A8009E41F7 /* XCRemoteSwiftPackageReference "EPUBKit" */;
			productName = EPUBKit;
		};
/* End XCSwiftPackageProductDependency section */

/* Begin XCVersionGroup section */
		D26F05A02AC6895E0061FACE /* StoryScroll.xcdatamodeld */ = {
			isa = XCVersionGroup;
			children = (
				D26F05A12AC6895E0061FACE /* StoryScroll.xcdatamodel */,
			);
			currentVersion = D26F05A12AC6895E0061FACE /* StoryScroll.xcdatamodel */;
			path = StoryScroll.xcdatamodeld;
			sourceTree = "<group>";
			versionGroupType = wrapper.xcdatamodel;
		};
/* End XCVersionGroup section */
	};
	rootObject = D26F058C2AC6895E0061FACE /* Project object */;
}
